
Microsoft Visual Studio Solution File, Format Version 12.00
# Visual Studio 15
Project("{FAE04EC0-301F-11D3-BF4B-00C04F79EFBC}") = "XamarinUITest", "XamarinUITest\XamarinUITest.csproj", "{0941E41B-3DFF-4906-89EB-62BBF45C3E38}"
EndProject
Global
	GlobalSection(SolutionConfigurationPlatforms) = preSolution
		Debug|iPhoneSimulator = Debug|iPhoneSimulator
		Release|iPhone = Release|iPhone
		Release|iPhoneSimulator = Release|iPhoneSimulator
		Debug|iPhone = Debug|iPhone
	EndGlobalSection
	GlobalSection(ProjectConfigurationPlatforms) = postSolution
		{0941E41B-3DFF-4906-89EB-62BBF45C3E38}.Debug|iPhoneSimulator.ActiveCfg = Debug|iPhoneSimulator
		{0941E41B-3DFF-4906-89EB-62BBF45C3E38}.Debug|iPhoneSimulator.Build.0 = Debug|iPhoneSimulator
		{0941E41B-3DFF-4906-89EB-62BBF45C3E38}.Release|iPhone.ActiveCfg = Release|iPhone
		{0941E41B-3DFF-4906-89EB-62BBF45C3E38}.Release|iPhone.Build.0 = Release|iPhone
		{0941E41B-3DFF-4906-89EB-62BBF45C3E38}.Release|iPhoneSimulator.ActiveCfg = Release|iPhoneSimulator
		{0941E41B-3DFF-4906-89EB-62BBF45C3E38}.Release|iPhoneSimulator.Build.0 = Release|iPhoneSimulator
		{0941E41B-3DFF-4906-89EB-62BBF45C3E38}.Debug|iPhone.ActiveCfg = Debug|iPhone
		{0941E41B-3DFF-4906-89EB-62BBF45C3E38}.Debug|iPhone.Build.0 = Debug|iPhone
	EndGlobalSection
EndGlobal
